
Microsoft Visual Studio Solution File, Format Version 12.00
# Visual Studio 15
VisualStudioVersion = 15.0.26730.16
MinimumVisualStudioVersion = 10.0.40219.1
Project("{FAE04EC0-301F-11D3-BF4B-00C04F79EFBC}") = "ProtobufDemo", "ProtobufDemo\ProtobufDemo.csproj", "{B9D457FC-0439-4D82-B44B-0BA9440B84FC}"
EndProject
Project("{FAE04EC0-301F-11D3-BF4B-00C04F79EFBC}") = "ProtobufDemo.Data.EF", "ProtobufDemo.Data.EF\ProtobufDemo.Data.EF.csproj", "{41E50EE8-D02E-487D-B210-379B915C4762}"
EndProject
Project("{FAE04EC0-301F-11D3-BF4B-00C04F79EFBC}") = "ProtobufDemo.Ui", "ProtobufDemo.Ui\ProtobufDemo.Ui.csproj", "{0EF0559D-7424-4E69-A39D-66F1D7873C28}"
EndProject
Project("{9A19103F-16F7-4668-BE54-9A1E7A4F7556}") = "ProtobufDemo.Api", "ProtobufDemo.Api\ProtobufDemo.Api.csproj", "{C54A12BF-06F7-424A-BE24-2A6938381A9C}"
EndProject
Project("{FAE04EC0-301F-11D3-BF4B-00C04F79EFBC}") = "ProtobufDemo.Data.API", "ProtobufDemo.Data.API\ProtobufDemo.Data.API.csproj", "{66B5884E-5F53-4F7D-8EAF-B32A692C3547}"
EndProject
Global
	GlobalSection(SolutionConfigurationPlatforms) = preSolution
		Debug|Any CPU = Debug|Any CPU
		Release|Any CPU = Release|Any CPU
	EndGlobalSection
	GlobalSection(ProjectConfigurationPlatforms) = postSolution
		{B9D457FC-0439-4D82-B44B-0BA9440B84FC}.Debug|Any CPU.ActiveCfg = Debug|Any CPU
		{B9D457FC-0439-4D82-B44B-0BA9440B84FC}.Debug|Any CPU.Build.0 = Debug|Any CPU
		{B9D457FC-0439-4D82-B44B-0BA9440B84FC}.Release|Any CPU.ActiveCfg = Release|Any CPU
		{B9D457FC-0439-4D82-B44B-0BA9440B84FC}.Release|Any CPU.Build.0 = Release|Any CPU
		{41E50EE8-D02E-487D-B210-379B915C4762}.Debug|Any CPU.ActiveCfg = Debug|Any CPU
		{41E50EE8-D02E-487D-B210-379B915C4762}.Debug|Any CPU.Build.0 = Debug|Any CPU
		{41E50EE8-D02E-487D-B210-379B915C4762}.Release|Any CPU.ActiveCfg = Release|Any CPU
		{41E50EE8-D02E-487D-B210-379B915C4762}.Release|Any CPU.Build.0 = Release|Any CPU
		{0EF0559D-7424-4E69-A39D-66F1D7873C28}.Debug|Any CPU.ActiveCfg = Debug|Any CPU
		{0EF0559D-7424-4E69-A39D-66F1D7873C28}.Debug|Any CPU.Build.0 = Debug|Any CPU
		{0EF0559D-7424-4E69-A39D-66F1D7873C28}.Release|Any CPU.ActiveCfg = Release|Any CPU
		{0EF0559D-7424-4E69-A39D-66F1D7873C28}.Release|Any CPU.Build.0 = Release|Any CPU
		{C54A12BF-06F7-424A-BE24-2A6938381A9C}.Debug|Any CPU.ActiveCfg = Debug|Any CPU
		{C54A12BF-06F7-424A-BE24-2A6938381A9C}.Debug|Any CPU.Build.0 = Debug|Any CPU
		{C54A12BF-06F7-424A-BE24-2A6938381A9C}.Release|Any CPU.ActiveCfg = Release|Any CPU
		{C54A12BF-06F7-424A-BE24-2A6938381A9C}.Release|Any CPU.Build.0 = Release|Any CPU
		{66B5884E-5F53-4F7D-8EAF-B32A692C3547}.Debug|Any CPU.ActiveCfg = Debug|Any CPU
		{66B5884E-5F53-4F7D-8EAF-B32A692C3547}.Debug|Any CPU.Build.0 = Debug|Any CPU
		{66B5884E-5F53-4F7D-8EAF-B32A692C3547}.Release|Any CPU.ActiveCfg = Release|Any CPU
		{66B5884E-5F53-4F7D-8EAF-B32A692C3547}.Release|Any CPU.Build.0 = Release|Any CPU
	EndGlobalSection
	GlobalSection(SolutionProperties) = preSolution
		HideSolutionNode = FALSE
	EndGlobalSection
	GlobalSection(ExtensibilityGlobals) = postSolution
		SolutionGuid = {134F8619-70A5-40AA-B16F-078B918885FA}
	EndGlobalSection
EndGlobal
